
Microsoft Visual Studio Solution File, Format Version 12.00
# Visual Studio Version 16
VisualStudioVersion = 16.0.30517.126
MinimumVisualStudioVersion = 10.0.40219.1
Project("{FAE04EC0-301F-11D3-BF4B-00C04F79EFBC}") = "5", "5\5.csproj", "{15D56220-ACDB-46A4-9CD3-DFDF98681F94}"
EndProject
Global
	GlobalSection(SolutionConfigurationPlatforms) = preSolution
		Debug|Any CPU = Debug|Any CPU
		Release|Any CPU = Release|Any CPU
	EndGlobalSection
	GlobalSection(ProjectConfigurationPlatforms) = postSolution
		{15D56220-ACDB-46A4-9CD3-DFDF98681F94}.Debug|Any CPU.ActiveCfg = Debug|Any CPU
		{15D56220-ACDB-46A4-9CD3-DFDF98681F94}.Debug|Any CPU.Build.0 = Debug|Any CPU
		{15D56220-ACDB-46A4-9CD3-DFDF98681F94}.Release|Any CPU.ActiveCfg = Release|Any CPU
		{15D56220-ACDB-46A4-9CD3-DFDF98681F94}.Release|Any CPU.Build.0 = Release|Any CPU
	EndGlobalSection
	GlobalSection(SolutionProperties) = preSolution
		HideSolutionNode = FALSE
	EndGlobalSection
	GlobalSection(ExtensibilityGlobals) = postSolution
		SolutionGuid = {04735639-9D7D-4111-8232-D81E369C9D90}
	EndGlobalSection
EndGlobal
